
Microsoft Visual Studio Solution File, Format Version 12.00
# Visual Studio Version 17
VisualStudioVersion = 17.14.36408.4 d17.14
MinimumVisualStudioVersion = 10.0.40219.1
Project("{FAE04EC0-301F-11D3-BF4B-00C04F79EFBC}") = "Insightly_project", "Insightly_project\Insightly_project.csproj", "{B62074B9-9B2B-472B-8A79-10CC7C9A9D2B}"
EndProject
Global
	GlobalSection(SolutionConfigurationPlatforms) = preSolution
		Debug|Any CPU = Debug|Any CPU
		Release|Any CPU = Release|Any CPU
	EndGlobalSection
	GlobalSection(ProjectConfigurationPlatforms) = postSolution
		{B62074B9-9B2B-472B-8A79-10CC7C9A9D2B}.Debug|Any CPU.ActiveCfg = Debug|Any CPU
		{B62074B9-9B2B-472B-8A79-10CC7C9A9D2B}.Debug|Any CPU.Build.0 = Debug|Any CPU
		{B62074B9-9B2B-472B-8A79-10CC7C9A9D2B}.Release|Any CPU.ActiveCfg = Release|Any CPU
		{B62074B9-9B2B-472B-8A79-10CC7C9A9D2B}.Release|Any CPU.Build.0 = Release|Any CPU
	EndGlobalSection
	GlobalSection(SolutionProperties) = preSolution
		HideSolutionNode = FALSE
	EndGlobalSection
	GlobalSection(ExtensibilityGlobals) = postSolution
		SolutionGuid = {3580A117-D054-42BA-B912-E974BE0EB562}
	EndGlobalSection
EndGlobal
